
Microsoft Visual Studio Solution File, Format Version 12.00
# Visual Studio Version 16
VisualStudioVersion = 16.0.30413.136
MinimumVisualStudioVersion = 10.0.40219.1
Project("{9A19103F-16F7-4668-BE54-9A1E7A4F7556}") = "ParkyAPI", "ParkyAPI\ParkyAPI.csproj", "{93251BFC-AC4D-45B5-8DA9-953D744E0743}"
EndProject
Project("{FAE04EC0-301F-11D3-BF4B-00C04F79EFBC}") = "ParkyWeb", "ParkyWeb\ParkyWeb.csproj", "{B736378D-D5FC-46FC-8DC0-146225B6A033}"
EndProject
Global
	GlobalSection(SolutionConfigurationPlatforms) = preSolution
		Debug|Any CPU = Debug|Any CPU
		Release|Any CPU = Release|Any CPU
	EndGlobalSection
	GlobalSection(ProjectConfigurationPlatforms) = postSolution
		{93251BFC-AC4D-45B5-8DA9-953D744E0743}.Debug|Any CPU.ActiveCfg = Debug|Any CPU
		{93251BFC-AC4D-45B5-8DA9-953D744E0743}.Debug|Any CPU.Build.0 = Debug|Any CPU
		{93251BFC-AC4D-45B5-8DA9-953D744E0743}.Release|Any CPU.ActiveCfg = Release|Any CPU
		{93251BFC-AC4D-45B5-8DA9-953D744E0743}.Release|Any CPU.Build.0 = Release|Any CPU
		{B736378D-D5FC-46FC-8DC0-146225B6A033}.Debug|Any CPU.ActiveCfg = Debug|Any CPU
		{B736378D-D5FC-46FC-8DC0-146225B6A033}.Debug|Any CPU.Build.0 = Debug|Any CPU
		{B736378D-D5FC-46FC-8DC0-146225B6A033}.Release|Any CPU.ActiveCfg = Release|Any CPU
		{B736378D-D5FC-46FC-8DC0-146225B6A033}.Release|Any CPU.Build.0 = Release|Any CPU
	EndGlobalSection
	GlobalSection(SolutionProperties) = preSolution
		HideSolutionNode = FALSE
	EndGlobalSection
	GlobalSection(ExtensibilityGlobals) = postSolution
		SolutionGuid = {1BC7EA08-6342-4099-B14F-2B8CAE4EBEBB}
	EndGlobalSection
EndGlobal
